{
  "originHash" : "32d0ac5be9e268b80873e0144b2881365cafdc66f4a2654745c07773c0fcec8d",
  "pins" : [
    {
      "identity" : "alamofire",
      "kind" : "remoteSourceControl",
      "location" : "https://github.com/Alamofire/Alamofire.git",
      "state" : {
        "revision" : "e16d3481f5ed35f0472cb93350085853d754913f",
        "version" : "5.10.1"
      }
    },
    {
      "identity" : "lottie-ios",
      "kind" : "remoteSourceControl",
      "location" : "https://github.com/airbnb/lottie-ios",
      "state" : {
        "revision" : "fe4c6fe3a0aa66cdeb51d549623c82ca9704b9a5",
        "version" : "4.5.0"
      }
    }
  ],
  "version" : 3
}
